
Microsoft Visual Studio Solution File, Format Version 12.00
# Visual Studio Version 16
VisualStudioVersion = 16.0.31424.327
MinimumVisualStudioVersion = 10.0.40219.1
Project("{FAE04EC0-301F-11D3-BF4B-00C04F79EFBC}") = "ConsoleApp16", "ConsoleApp16\ConsoleApp16.csproj", "{F9DB8B6C-42B8-4F46-B68D-413E93FCEF8B}"
EndProject
Global
	GlobalSection(SolutionConfigurationPlatforms) = preSolution
		Debug|Any CPU = Debug|Any CPU
		Release|Any CPU = Release|Any CPU
	EndGlobalSection
	GlobalSection(ProjectConfigurationPlatforms) = postSolution
		{F9DB8B6C-42B8-4F46-B68D-413E93FCEF8B}.Debug|Any CPU.ActiveCfg = Debug|Any CPU
		{F9DB8B6C-42B8-4F46-B68D-413E93FCEF8B}.Debug|Any CPU.Build.0 = Debug|Any CPU
		{F9DB8B6C-42B8-4F46-B68D-413E93FCEF8B}.Release|Any CPU.ActiveCfg = Release|Any CPU
		{F9DB8B6C-42B8-4F46-B68D-413E93FCEF8B}.Release|Any CPU.Build.0 = Release|Any CPU
	EndGlobalSection
	GlobalSection(SolutionProperties) = preSolution
		HideSolutionNode = FALSE
	EndGlobalSection
	GlobalSection(ExtensibilityGlobals) = postSolution
		SolutionGuid = {7B546E96-3B1F-4E37-916F-C4E3152CDA8E}
	EndGlobalSection
EndGlobal
